<?xml version="1.0" encoding="utf-8"?>
<Project ToolsVersion="4.0" xmlns="http://schemas.microsoft.com/developer/msbuild/2003">
  <ItemGroup>
    <Filter Include="Source Files">
      <UniqueIdentifier>{4FC737F1-C7A5-4376-A066-2A32D752A2FF}</UniqueIdentifier>
      <Extensions>cpp;c;cc;cxx;c++;cppm;ixx;def;odl;idl;hpj;bat;asm;asmx</Extensions>
    </Filter>
    <Filter Include="Header Files">
      <UniqueIdentifier>{93995380-89BD-4b04-88EB-625FBE52EBFB}</UniqueIdentifier>
      <Extensions>h;hh;hpp;hxx;h++;hm;inl;inc;ipp;xsd</Extensions>
    </Filter>
    <Filter Include="Resource Files">
      <UniqueIdentifier>{67DA6AB6-F800-4c08-8B7A-83BB121AAD01}</UniqueIdentifier>
      <Extensions>rc;ico;cur;bmp;dlg;rc2;rct;bin;rgs;gif;jpg;jpeg;jpe;resx;tiff;tif;png;wav;mfcribbon-ms</Extensions>
    </Filter>
  </ItemGroup>
  <ItemGroup>
    <ClCompile Include="Src\main.cpp">
      <Filter>Source Files</Filter>
    </ClCompile>
    <ClCompile Include="Src\Graphics\Texture2D.cpp">
      <Filter>Source Files</Filter>
    </ClCompile>
    <ClCompile Include="Src\Dependencies\STB\stb_image.cpp">
      <Filter>Source Files</Filter>
    </ClCompile>
    <ClCompile Include="Src\Graphics\Shader.cpp">
      <Filter>Source Files</Filter>
    </ClCompile>
    <ClCompile Include="Src\Graphics\Sprite.cpp">
      <Filter>Source Files</Filter>
    </ClCompile>
    <ClCompile Include="Src\Graphics\SpriteAnimation.cpp">
      <Filter>Source Files</Filter>
    </ClCompile>
    <ClCompile Include="Src\Graphics\SpriteRenderer.cpp">
      <Filter>Source Files</Filter>
    </ClCompile>
    <ClCompile Include="Src\Graphics\SpriteSheet.cpp">
      <Filter>Source Files</Filter>
    </ClCompile>
    <ClCompile Include="Src\Input\Input.cpp">
      <Filter>Source Files</Filter>
    </ClCompile>
    <ClCompile Include="Src\Core\Game.cpp">
      <Filter>Source Files</Filter>
    </ClCompile>
    <ClCompile Include="Src\Resources\ResourceManager.cpp">
      <Filter>Source Files</Filter>
    </ClCompile>
    <ClCompile Include="Src\Core\Transform3D.cpp">
      <Filter>Source Files</Filter>
    </ClCompile>
    <ClCompile Include="Src\Core\WorldObject.cpp">
      <Filter>Source Files</Filter>
    </ClCompile>
    <ClCompile Include="Src\Graphics\Camera3D.cpp">
      <Filter>Source Files</Filter>
    </ClCompile>
    <ClCompile Include="Src\Graphics\Mesh.cpp">
      <Filter>Source Files</Filter>
    </ClCompile>
    <ClCompile Include="Src\Graphics\MeshRenderer.cpp">
      <Filter>Source Files</Filter>
    </ClCompile>
    <ClCompile Include="Src\Gameplay\Lane.cpp">
      <Filter>Source Files</Filter>
    </ClCompile>
    <ClCompile Include="Src\Gameplay\Level.cpp">
      <Filter>Source Files</Filter>
    </ClCompile>
    <ClCompile Include="Src\Gameplay\Pawn.cpp">
      <Filter>Source Files</Filter>
    </ClCompile>
    <ClCompile Include="Src\Core\GroundShadow.cpp">
      <Filter>Source Files</Filter>
    </ClCompile>
    <ClCompile Include="Src\Graphics\MeshBuilder.cpp">
      <Filter>Source Files</Filter>
    </ClCompile>
    <ClCompile Include="Src\Gameplay\ChessPiece.cpp">
      <Filter>Source Files</Filter>
    </ClCompile>
    <ClCompile Include="Src\Gameplay\RollingMotion.cpp">
      <Filter>Source Files</Filter>
    </ClCompile>
    <ClCompile Include="Src\Gameplay\PieceMeshFactory.cpp">
      <Filter>Source Files</Filter>
    </ClCompile>
    <ClCompile Include="Src\Core\GroundEntity.cpp">
      <Filter>Source Files</Filter>
    </ClCompile>
    <ClCompile Include="Src\Gameplay\Obstacle.cpp">
      <Filter>Source Files</Filter>
    </ClCompile>
    <ClCompile Include="Src\Gameplay\ObstacleMeshFactory.cpp">
      <Filter>Source Files</Filter>
    </ClCompile>
    <ClCompile Include="Src\Gameplay\GateMeshFactory.cpp">
      <Filter>Source Files</Filter>
    </ClCompile>
    <ClCompile Include="Src\Gameplay\CheckpointGate.cpp">
      <Filter>Source Files</Filter>
    </ClCompile>
    <ClCompile Include="Src\Gameplay\CageMeshFactory.cpp">
      <Filter>Source Files</Filter>
    </ClCompile>
    <ClCompile Include="Src\Gameplay\KingsCage.cpp">
      <Filter>Source Files</Filter>
    </ClCompile>
    <ClCompile Include="Src\Gameplay\HazardManager.cpp">
      <Filter>Source Files</Filter>
    </ClCompile>
    <ClCompile Include="Src\Gameplay\MovingHazard.cpp">
      <Filter>Source Files</Filter>
    </ClCompile>
    <ClCompile Include="Src\Gameplay\CollectibleManager.cpp">
      <Filter>Source Files</Filter>
    </ClCompile>
  </ItemGroup>
  <ItemGroup>
    <ClInclude Include="Src\Graphics\Shader.h">
      <Filter>Header Files</Filter>
    </ClInclude>
    <ClInclude Include="Src\Graphics\Texture2D.h">
      <Filter>Header Files</Filter>
    </ClInclude>
    <ClInclude Include="Src\Core\Game.h">
      <Filter>Header Files</Filter>
    </ClInclude>
    <ClInclude Include="Src\Graphics\Sprite.h">
      <Filter>Header Files</Filter>
    </ClInclude>
    <ClInclude Include="Src\Graphics\SpriteAnimation.h">
      <Filter>Header Files</Filter>
    </ClInclude>
    <ClInclude Include="Src\Graphics\SpriteRenderer.h">
      <Filter>Header Files</Filter>
    </ClInclude>
    <ClInclude Include="Src\Graphics\SpriteSheet.h">
      <Filter>Header Files</Filter>
    </ClInclude>
    <ClInclude Include="Src\Input\Input.h">
      <Filter>Header Files</Filter>
    </ClInclude>
    <ClInclude Include="Src\Resources\ResourceManager.h">
      <Filter>Header Files</Filter>
    </ClInclude>
    <ClInclude Include="Src\Core\GameConfig.h">
      <Filter>Header Files</Filter>
    </ClInclude>
    <ClInclude Include="Src\Core\Transform3D.h">
      <Filter>Header Files</Filter>
    </ClInclude>
    <ClInclude Include="Src\Core\WorldObject.h">
      <Filter>Header Files</Filter>
    </ClInclude>
    <ClInclude Include="Src\Graphics\Camera3D.h">
      <Filter>Header Files</Filter>
    </ClInclude>
    <ClInclude Include="Src\Graphics\Mesh.h">
      <Filter>Header Files</Filter>
    </ClInclude>
    <ClInclude Include="Src\Graphics\MeshRenderer.h">
      <Filter>Header Files</Filter>
    </ClInclude>
    <ClInclude Include="Src\Gameplay\Lane.h">
      <Filter>Header Files</Filter>
    </ClInclude>
    <ClInclude Include="Src\Gameplay\Level.h">
      <Filter>Header Files</Filter>
    </ClInclude>
    <ClInclude Include="Src\Gameplay\Pawn.h">
      <Filter>Header Files</Filter>
    </ClInclude>
    <ClInclude Include="Src\Core\GroundShadow.h">
      <Filter>Header Files</Filter>
    </ClInclude>
    <ClInclude Include="Src\Graphics\MeshBuilder.h">
      <Filter>Header Files</Filter>
    </ClInclude>
    <ClInclude Include="Src\Gameplay\ChessPiece.h">
      <Filter>Header Files</Filter>
    </ClInclude>
    <ClInclude Include="Src\Gameplay\RollingMotion.h">
      <Filter>Header Files</Filter>
    </ClInclude>
    <ClInclude Include="Src\Gameplay\PieceMeshFactory.h">
      <Filter>Header Files</Filter>
    </ClInclude>
    <ClInclude Include="Src\Core\GroundEntity.h">
      <Filter>Header Files</Filter>
    </ClInclude>
    <ClInclude Include="Src\Gameplay\Obstacle.h">
      <Filter>Header Files</Filter>
    </ClInclude>
    <ClInclude Include="Src\Gameplay\ObstacleMeshFactory.h">
      <Filter>Header Files</Filter>
    </ClInclude>
    <ClInclude Include="Src\Gameplay\GateMeshFactory.h">
      <Filter>Header Files</Filter>
    </ClInclude>
    <ClInclude Include="Src\Gameplay\CheckpointGate.h">
      <Filter>Header Files</Filter>
    </ClInclude>
    <ClInclude Include="Src\Gameplay\CageMeshFactory.h">
      <Filter>Header Files</Filter>
    </ClInclude>
    <ClInclude Include="Src\Gameplay\KingsCage.h">
      <Filter>Header Files</Filter>
    </ClInclude>
    <ClInclude Include="Src\Gameplay\HazardManager.h">
      <Filter>Header Files</Filter>
    </ClInclude>
    <ClInclude Include="Src\Gameplay\MovingHazard.h">
      <Filter>Header Files</Filter>
    </ClInclude>
    <ClInclude Include="Src\Gameplay\CollectibleManager.h">
      <Filter>Header Files</Filter>
    </ClInclude>
  </ItemGroup>
</Project>
